
Microsoft Visual Studio Solution File, Format Version 12.00
# Visual Studio Version 16
VisualStudioVersion = 16.0.31025.194
MinimumVisualStudioVersion = 10.0.40219.1
Project("{FAE04EC0-301F-11D3-BF4B-00C04F79EFBC}") = "AvaloniaApplication2", "AvaloniaApplication2\AvaloniaApplication2.csproj", "{F575F151-6930-486B-B0D6-CA1BD4365B1D}"
EndProject
Global
	GlobalSection(SolutionConfigurationPlatforms) = preSolution
		Debug|Any CPU = Debug|Any CPU
		Release|Any CPU = Release|Any CPU
	EndGlobalSection
	GlobalSection(ProjectConfigurationPlatforms) = postSolution
		{F575F151-6930-486B-B0D6-CA1BD4365B1D}.Debug|Any CPU.ActiveCfg = Debug|Any CPU
		{F575F151-6930-486B-B0D6-CA1BD4365B1D}.Debug|Any CPU.Build.0 = Debug|Any CPU
		{F575F151-6930-486B-B0D6-CA1BD4365B1D}.Release|Any CPU.ActiveCfg = Release|Any CPU
		{F575F151-6930-486B-B0D6-CA1BD4365B1D}.Release|Any CPU.Build.0 = Release|Any CPU
	EndGlobalSection
	GlobalSection(SolutionProperties) = preSolution
		HideSolutionNode = FALSE
	EndGlobalSection
	GlobalSection(ExtensibilityGlobals) = postSolution
		SolutionGuid = {79DA66CE-9476-4455-805F-94F9C28A143F}
	EndGlobalSection
EndGlobal
